
Microsoft Visual Studio Solution File, Format Version 12.00
# Visual Studio Version 16
VisualStudioVersion = 16.0.30717.126
MinimumVisualStudioVersion = 10.0.40219.1
Project("{8BC9CEB8-8B4A-11D0-8D11-00A0C91BC942}") = "2941", "2941.vcxproj", "{E968CCE2-3CDA-4FD2-9BC0-1943B2E39995}"
EndProject
Global
	GlobalSection(SolutionConfigurationPlatforms) = preSolution
		Debug|x64 = Debug|x64
		Debug|x86 = Debug|x86
		Release|x64 = Release|x64
		Release|x86 = Release|x86
	EndGlobalSection
	GlobalSection(ProjectConfigurationPlatforms) = postSolution
		{E968CCE2-3CDA-4FD2-9BC0-1943B2E39995}.Debug|x64.ActiveCfg = Debug|x64
		{E968CCE2-3CDA-4FD2-9BC0-1943B2E39995}.Debug|x64.Build.0 = Debug|x64
		{E968CCE2-3CDA-4FD2-9BC0-1943B2E39995}.Debug|x86.ActiveCfg = Debug|Win32
		{E968CCE2-3CDA-4FD2-9BC0-1943B2E39995}.Debug|x86.Build.0 = Debug|Win32
		{E968CCE2-3CDA-4FD2-9BC0-1943B2E39995}.Release|x64.ActiveCfg = Release|x64
		{E968CCE2-3CDA-4FD2-9BC0-1943B2E39995}.Release|x64.Build.0 = Release|x64
		{E968CCE2-3CDA-4FD2-9BC0-1943B2E39995}.Release|x86.ActiveCfg = Release|Win32
		{E968CCE2-3CDA-4FD2-9BC0-1943B2E39995}.Release|x86.Build.0 = Release|Win32
	EndGlobalSection
	GlobalSection(SolutionProperties) = preSolution
		HideSolutionNode = FALSE
	EndGlobalSection
	GlobalSection(ExtensibilityGlobals) = postSolution
		SolutionGuid = {1CE635CA-370E-4F73-BD7D-F3A4E12680C9}
	EndGlobalSection
EndGlobal
